
Microsoft Visual Studio Solution File, Format Version 12.00
# Visual Studio Version 17
VisualStudioVersion = 17.5.33627.172
MinimumVisualStudioVersion = 10.0.40219.1
Project("{9A19103F-16F7-4668-BE54-9A1E7A4F7556}") = "conference334", "conference334.csproj", "{9AC4FD88-7E4B-4757-9F6C-4731A377A12E}"
EndProject
Global
	GlobalSection(SolutionConfigurationPlatforms) = preSolution
		Debug|Any CPU = Debug|Any CPU
		Release|Any CPU = Release|Any CPU
	EndGlobalSection
	GlobalSection(ProjectConfigurationPlatforms) = postSolution
		{9AC4FD88-7E4B-4757-9F6C-4731A377A12E}.Debug|Any CPU.ActiveCfg = Debug|Any CPU
		{9AC4FD88-7E4B-4757-9F6C-4731A377A12E}.Debug|Any CPU.Build.0 = Debug|Any CPU
		{9AC4FD88-7E4B-4757-9F6C-4731A377A12E}.Release|Any CPU.ActiveCfg = Release|Any CPU
		{9AC4FD88-7E4B-4757-9F6C-4731A377A12E}.Release|Any CPU.Build.0 = Release|Any CPU
	EndGlobalSection
	GlobalSection(SolutionProperties) = preSolution
		HideSolutionNode = FALSE
	EndGlobalSection
	GlobalSection(ExtensibilityGlobals) = postSolution
		SolutionGuid = {CC6EE2FE-F265-48B8-BBE4-3A47584D127B}
	EndGlobalSection
EndGlobal
